{
  "name": "resumemo",
  "version": "1.0.0",
  "lockfileVersion": 2,
  "requires": true,
  "packages": {
    "": {
      "name": "resumemo",
      "version": "1.0.0",
      "license": "UNLICENSED",
      "workspaces": [
        "packages/api"
      ]
    },
    "node_modules/api": {
      "resolved": "packages/api",
      "link": true
    },
    "packages/api": {
      "version": "1.0.0",
      "license": "UNLICENSED"
    }
  },
  "dependencies": {
    "api": {
      "version": "file:packages/api"
    }
  }
}
